
Microsoft Visual Studio Solution File, Format Version 12.00
# Visual Studio Version 16
VisualStudioVersion = 16.0.31129.286
MinimumVisualStudioVersion = 10.0.40219.1
Project("{FAE04EC0-301F-11D3-BF4B-00C04F79EFBC}") = "CourseWork", "CourseWork\CourseWork.csproj", "{7A18A495-C430-4A44-8CCD-58FEFC2FFD39}"
EndProject
Global
	GlobalSection(SolutionConfigurationPlatforms) = preSolution
		Debug|Any CPU = Debug|Any CPU
		Release|Any CPU = Release|Any CPU
	EndGlobalSection
	GlobalSection(ProjectConfigurationPlatforms) = postSolution
		{7A18A495-C430-4A44-8CCD-58FEFC2FFD39}.Debug|Any CPU.ActiveCfg = Debug|Any CPU
		{7A18A495-C430-4A44-8CCD-58FEFC2FFD39}.Debug|Any CPU.Build.0 = Debug|Any CPU
		{7A18A495-C430-4A44-8CCD-58FEFC2FFD39}.Release|Any CPU.ActiveCfg = Release|Any CPU
		{7A18A495-C430-4A44-8CCD-58FEFC2FFD39}.Release|Any CPU.Build.0 = Release|Any CPU
	EndGlobalSection
	GlobalSection(SolutionProperties) = preSolution
		HideSolutionNode = FALSE
	EndGlobalSection
	GlobalSection(ExtensibilityGlobals) = postSolution
		SolutionGuid = {1AA6641B-163E-4989-97C4-DB342A6AD284}
	EndGlobalSection
EndGlobal
